[[package]]
name = "bottleneck"
version = "1.3.2"
description = "Fast NumPy array functions written in C"
category = "main"
optional = false
python-versions = "*"

[package.dependencies]
numpy = "*"

[package.extras]
doc = ["numpydoc", "sphinx", "gitpython"]

[[package]]
name = "imutils"
version = "0.5.4"
description = "A series of convenience functions to make basic image processing functions such as translation, rotation, resizing, skeletonization, displaying Matplotlib images, sorting contours, detecting edges, and much more easier with OpenCV and both Python 2.7 and Python 3."
category = "main"
optional = false
python-versions = "*"

[[package]]
name = "numpy"
version = "1.21.0"
description = "NumPy is the fundamental package for array computing with Python."
category = "main"
optional = false
python-versions = ">=3.7"

[[package]]
name = "scipy"
version = "1.7.0"
description = "SciPy: Scientific Library for Python"
category = "main"
optional = false
python-versions = ">=3.7,<3.10"

[package.dependencies]
numpy = ">=1.16.5,<1.23.0"

[metadata]
lock-version = "1.1"
python-versions = ">=3.8,<3.10"
content-hash = "a559e06ddf307486ec3e65dcb12a1c9d60fcb78047713bb9eeda2a88f80195f4"

[metadata.files]
bottleneck = [
    {file = "Bottleneck-1.3.2.tar.gz", hash = "sha256:20179f0b66359792ea283b69aa16366419132f3b6cf3adadc0c48e2e8118e573"},
]
imutils = [
    {file = "imutils-0.5.4.tar.gz", hash = "sha256:03827a9fca8b5c540305c0844a62591cf35a0caec199cb0f2f0a4a0fb15d8f24"},
]
numpy = [
    {file = "numpy-1.21.0-cp37-cp37m-macosx_10_9_x86_64.whl", hash = "sha256:d5caa946a9f55511e76446e170bdad1d12d6b54e17a2afe7b189112ed4412bb8"},
    {file = "numpy-1.21.0-cp37-cp37m-manylinux_2_12_i686.manylinux2010_i686.whl", hash = "sha256:ac4fd578322842dbda8d968e3962e9f22e862b6ec6e3378e7415625915e2da4d"},
    {file = "numpy-1.21.0-cp37-cp37m-manylinux_2_12_x86_64.manylinux2010_x86_64.whl", hash = "sha256:598fe100b2948465cf3ed64b1a326424b5e4be2670552066e17dfaa67246011d"},
    {file = "numpy-1.21.0-cp37-cp37m-manylinux_2_17_aarch64.manylinux2014_aarch64.whl", hash = "sha256:7c55407f739f0bfcec67d0df49103f9333edc870061358ac8a8c9e37ea02fcd2"},
    {file = "numpy-1.21.0-cp37-cp37m-manylinux_2_5_i686.manylinux1_i686.whl", hash = "sha256:75579acbadbf74e3afd1153da6177f846212ea2a0cc77de53523ae02c9256513"},
    {file = "numpy-1.21.0-cp37-cp37m-manylinux_2_5_x86_64.manylinux1_x86_64.whl", hash = "sha256:cc367c86eb87e5b7c9592935620f22d13b090c609f1b27e49600cd033b529f54"},
    {file = "numpy-1.21.0-cp37-cp37m-win32.whl", hash = "sha256:d89b0dc7f005090e32bb4f9bf796e1dcca6b52243caf1803fdd2b748d8561f63"},
    {file = "numpy-1.21.0-cp37-cp37m-win_amd64.whl", hash = "sha256:eda2829af498946c59d8585a9fd74da3f810866e05f8df03a86f70079c7531dd"},
    {file = "numpy-1.21.0-cp38-cp38-macosx_10_9_universal2.whl", hash = "sha256:1a784e8ff7ea2a32e393cc53eb0003eca1597c7ca628227e34ce34eb11645a0e"},
    {file = "numpy-1.21.0-cp38-cp38-macosx_10_9_x86_64.whl", hash = "sha256:bba474a87496d96e61461f7306fba2ebba127bed7836212c360f144d1e72ac54"},
    {file = "numpy-1.21.0-cp38-cp38-macosx_11_0_arm64.whl", hash = "sha256:fd0a359c1c17f00cb37de2969984a74320970e0ceef4808c32e00773b06649d9"},
    {file = "numpy-1.21.0-cp38-cp38-manylinux_2_12_i686.manylinux2010_i686.whl", hash = "sha256:e4d5a86a5257843a18fb1220c5f1c199532bc5d24e849ed4b0289fb59fbd4d8f"},
    {file = "numpy-1.21.0-cp38-cp38-manylinux_2_12_x86_64.manylinux2010_x86_64.whl", hash = "sha256:620732f42259eb2c4642761bd324462a01cdd13dd111740ce3d344992dd8492f"},
    {file = "numpy-1.21.0-cp38-cp38-manylinux_2_17_aarch64.manylinux2014_aarch64.whl", hash = "sha256:b9205711e5440954f861ceeea8f1b415d7dd15214add2e878b4d1cf2bcb1a914"},
    {file = "numpy-1.21.0-cp38-cp38-manylinux_2_5_i686.manylinux1_i686.whl", hash = "sha256:ad09f55cc95ed8d80d8ab2052f78cc21cb231764de73e229140d81ff49d8145e"},
    {file = "numpy-1.21.0-cp38-cp38-manylinux_2_5_x86_64.manylinux1_x86_64.whl", hash = "sha256:a1f2fb2da242568af0271455b89aee0f71e4e032086ee2b4c5098945d0e11cf6"},
    {file = "numpy-1.21.0-cp38-cp38-win32.whl", hash = "sha256:e58ddb53a7b4959932f5582ac455ff90dcb05fac3f8dcc8079498d43afbbde6c"},
    {file = "numpy-1.21.0-cp38-cp38-win_amd64.whl", hash = "sha256:d2910d0a075caed95de1a605df00ee03b599de5419d0b95d55342e9a33ad1fb3"},
    {file = "numpy-1.21.0-cp39-cp39-macosx_10_9_universal2.whl", hash = "sha256:a290989cd671cd0605e9c91a70e6df660f73ae87484218e8285c6522d29f6e38"},
    {file = "numpy-1.21.0-cp39-cp39-macosx_10_9_x86_64.whl", hash = "sha256:3537b967b350ad17633b35c2f4b1a1bbd258c018910b518c30b48c8e41272717"},
    {file = "numpy-1.21.0-cp39-cp39-macosx_11_0_arm64.whl", hash = "sha256:ccc6c650f8700ce1e3a77668bb7c43e45c20ac06ae00d22bdf6760b38958c883"},
    {file = "numpy-1.21.0-cp39-cp39-manylinux_2_12_i686.manylinux2010_i686.whl", hash = "sha256:709884863def34d72b183d074d8ba5cfe042bc3ff8898f1ffad0209161caaa99"},
    {file = "numpy-1.21.0-cp39-cp39-manylinux_2_12_x86_64.manylinux2010_x86_64.whl", hash = "sha256:bebab3eaf0641bba26039fb0b2c5bf9b99407924b53b1ea86e03c32c64ef5aef"},
    {file = "numpy-1.21.0-cp39-cp39-manylinux_2_17_aarch64.manylinux2014_aarch64.whl", hash = "sha256:cf680682ad0a3bef56dae200dbcbac2d57294a73e5b0f9864955e7dd7c2c2491"},
    {file = "numpy-1.21.0-cp39-cp39-win32.whl", hash = "sha256:d95d16204cd51ff1a1c8d5f9958ce90ae190be81d348b514f9be39f878b8044a"},
    {file = "numpy-1.21.0-cp39-cp39-win_amd64.whl", hash = "sha256:2ba579dde0563f47021dcd652253103d6fd66165b18011dce1a0609215b2791e"},
    {file = "numpy-1.21.0-pp37-pypy37_pp73-manylinux_2_12_x86_64.manylinux2010_x86_64.whl", hash = "sha256:3c40e6b860220ed862e8097b8f81c9af6d7405b723f4a7af24a267b46f90e461"},
    {file = "numpy-1.21.0.zip", hash = "sha256:e80fe25cba41c124d04c662f33f6364909b985f2eb5998aaa5ae4b9587242cce"},
]
scipy = [
    {file = "scipy-1.7.0-cp37-cp37m-macosx_10_9_x86_64.whl", hash = "sha256:821e75f5c16cd7b0ab0ffe7eb9917e5af7b48c25306b4777287de8d792a5f7f3"},
    {file = "scipy-1.7.0-cp37-cp37m-manylinux_2_17_aarch64.manylinux2014_aarch64.whl", hash = "sha256:3e7df79b42c3015058a5554bfeab6fd4c9906c46560c9ddebb5c652840f3e182"},
    {file = "scipy-1.7.0-cp37-cp37m-manylinux_2_5_i686.manylinux1_i686.whl", hash = "sha256:0572256c10ddd058e3d315c555538671ddb2737f27eb56189bfbc3483391403f"},
    {file = "scipy-1.7.0-cp37-cp37m-manylinux_2_5_x86_64.manylinux1_x86_64.whl", hash = "sha256:b77ee5e3a9507622e7f98b16122242a3903397f98d1fe3bc269d904a9025e2bc"},
    {file = "scipy-1.7.0-cp37-cp37m-win32.whl", hash = "sha256:53116abd5060a5b4a58489cf689bee259b779e6b7ecd4ce366e7147aa7c9626e"},
    {file = "scipy-1.7.0-cp37-cp37m-win_amd64.whl", hash = "sha256:e7b733d4d98e604109715e11f2ab9340eb45d53f803634ed730039070fc3bc11"},
    {file = "scipy-1.7.0-cp38-cp38-macosx_10_9_x86_64.whl", hash = "sha256:4ef3d4df8af40cb6f4d4eaf7b02780109ebabeec334cda26a7899ec9d8de9176"},
    {file = "scipy-1.7.0-cp38-cp38-manylinux_2_17_aarch64.manylinux2014_aarch64.whl", hash = "sha256:bd4399d4388ca0239a4825e312b3e61b60f743dd6daf49e5870837716502a92a"},
    {file = "scipy-1.7.0-cp38-cp38-manylinux_2_5_i686.manylinux1_i686.whl", hash = "sha256:80df8af7039bce92fb4cd1ceb056258631b11b3c627384e2d29bb48d44c0cae7"},
    {file = "scipy-1.7.0-cp38-cp38-manylinux_2_5_x86_64.manylinux1_x86_64.whl", hash = "sha256:6130e22bf6ee506f7cddde7e0515296d97eb6c6c94f7ef5103c2b77aec5833a7"},
    {file = "scipy-1.7.0-cp38-cp38-win32.whl", hash = "sha256:97ca4552ace1c313707058e774609af59644321e278c3a539322fab2fb09b943"},
    {file = "scipy-1.7.0-cp38-cp38-win_amd64.whl", hash = "sha256:c5d012cb82cc1dcfa72609abaabb4a4ed8113e3e8ac43464508a418c146be57d"},
    {file = "scipy-1.7.0-cp39-cp39-macosx_10_9_x86_64.whl", hash = "sha256:5eb8f054eebb351af7490bbb57465ba9662c4e16e1786655c6c7ed530eb9a74e"},
    {file = "scipy-1.7.0-cp39-cp39-manylinux_2_17_aarch64.manylinux2014_aarch64.whl", hash = "sha256:7f4b89c223bd09460b52b669e2e642cab73c28855b540e6ed029692546a86f8d"},
    {file = "scipy-1.7.0-cp39-cp39-manylinux_2_5_i686.manylinux1_i686.whl", hash = "sha256:2e685fdbfa5b989af4338b29c408b9157ea6addec15d661104c437980c292be5"},
    {file = "scipy-1.7.0-cp39-cp39-manylinux_2_5_x86_64.manylinux1_x86_64.whl", hash = "sha256:3595c8b64970c9e5a3f137fa1a9eb64da417e78fb7991d0b098b18a00b776d88"},
    {file = "scipy-1.7.0-cp39-cp39-win32.whl", hash = "sha256:5a983d3cebc27294897951a494cebd78af2eae37facf75d9e4ad4f1f62229860"},
    {file = "scipy-1.7.0-cp39-cp39-win_amd64.whl", hash = "sha256:aef6e922aea6f2e6bbb539b413c85210a9ee32757535b84204ebd22723e69704"},
    {file = "scipy-1.7.0.tar.gz", hash = "sha256:998c5e6ea649489302de2c0bc026ed34284f531df89d2bdc8df3a0d44d165739"},
]
